
Microsoft Visual Studio Solution File, Format Version 12.00
# Visual Studio Version 16
VisualStudioVersion = 16.0.30907.101
MinimumVisualStudioVersion = 10.0.40219.1
Project("{9A19103F-16F7-4668-BE54-9A1E7A4F7556}") = "Web_Programming_Assignment_2021", "Web_Programming_Assignment_2021\Web_Programming_Assignment_2021.csproj", "{6EF47CDF-FD1C-4BC8-916D-B7EBE237B7DA}"
EndProject
Global
	GlobalSection(SolutionConfigurationPlatforms) = preSolution
		Debug|Any CPU = Debug|Any CPU
		Release|Any CPU = Release|Any CPU
	EndGlobalSection
	GlobalSection(ProjectConfigurationPlatforms) = postSolution
		{6EF47CDF-FD1C-4BC8-916D-B7EBE237B7DA}.Debug|Any CPU.ActiveCfg = Debug|Any CPU
		{6EF47CDF-FD1C-4BC8-916D-B7EBE237B7DA}.Debug|Any CPU.Build.0 = Debug|Any CPU
		{6EF47CDF-FD1C-4BC8-916D-B7EBE237B7DA}.Release|Any CPU.ActiveCfg = Release|Any CPU
		{6EF47CDF-FD1C-4BC8-916D-B7EBE237B7DA}.Release|Any CPU.Build.0 = Release|Any CPU
	EndGlobalSection
	GlobalSection(SolutionProperties) = preSolution
		HideSolutionNode = FALSE
	EndGlobalSection
	GlobalSection(ExtensibilityGlobals) = postSolution
		SolutionGuid = {DE30D703-AE6B-48EF-9611-986B11C80B40}
	EndGlobalSection
EndGlobal
